
Microsoft Visual Studio Solution File, Format Version 12.00
# Visual Studio Version 17
VisualStudioVersion = 17.0.31903.59
MinimumVisualStudioVersion = 10.0.40219.1
Project("{FAE04EC0-301F-11D3-BF4B-00C04F79EFBC}") = "Modicom.Models", "Modicom.Models\Modicom.Models.csproj", "{8A919ABB-8E4A-47FD-818C-7B216A36DECD}"
EndProject
Project("{FAE04EC0-301F-11D3-BF4B-00C04F79EFBC}") = "Modicom.Raz", "Modicom.Raz\Modicom.Raz.csproj", "{C4EEF186-0A5B-4174-A600-205D0A682731}"
EndProject
Project("{FAE04EC0-301F-11D3-BF4B-00C04F79EFBC}") = "Modicom.Repo", "Modicom.Repo\Modicom.Repo.csproj", "{9001B774-FBE2-4D91-BBC1-00B1D5D577B7}"
EndProject
Project("{FAE04EC0-301F-11D3-BF4B-00C04F79EFBC}") = "Modicom.Services", "Modicom.Services\Modicom.Services.csproj", "{36EAC5FA-1BAB-4EDB-BC70-176DA4BC550B}"
EndProject
Global
	GlobalSection(SolutionConfigurationPlatforms) = preSolution
		Debug|Any CPU = Debug|Any CPU
		Release|Any CPU = Release|Any CPU
	EndGlobalSection
	GlobalSection(SolutionProperties) = preSolution
		HideSolutionNode = FALSE
	EndGlobalSection
	GlobalSection(ProjectConfigurationPlatforms) = postSolution
		{8A919ABB-8E4A-47FD-818C-7B216A36DECD}.Debug|Any CPU.ActiveCfg = Debug|Any CPU
		{8A919ABB-8E4A-47FD-818C-7B216A36DECD}.Debug|Any CPU.Build.0 = Debug|Any CPU
		{8A919ABB-8E4A-47FD-818C-7B216A36DECD}.Release|Any CPU.ActiveCfg = Release|Any CPU
		{8A919ABB-8E4A-47FD-818C-7B216A36DECD}.Release|Any CPU.Build.0 = Release|Any CPU
		{C4EEF186-0A5B-4174-A600-205D0A682731}.Debug|Any CPU.ActiveCfg = Debug|Any CPU
		{C4EEF186-0A5B-4174-A600-205D0A682731}.Debug|Any CPU.Build.0 = Debug|Any CPU
		{C4EEF186-0A5B-4174-A600-205D0A682731}.Release|Any CPU.ActiveCfg = Release|Any CPU
		{C4EEF186-0A5B-4174-A600-205D0A682731}.Release|Any CPU.Build.0 = Release|Any CPU
		{9001B774-FBE2-4D91-BBC1-00B1D5D577B7}.Debug|Any CPU.ActiveCfg = Debug|Any CPU
		{9001B774-FBE2-4D91-BBC1-00B1D5D577B7}.Debug|Any CPU.Build.0 = Debug|Any CPU
		{9001B774-FBE2-4D91-BBC1-00B1D5D577B7}.Release|Any CPU.ActiveCfg = Release|Any CPU
		{9001B774-FBE2-4D91-BBC1-00B1D5D577B7}.Release|Any CPU.Build.0 = Release|Any CPU
		{36EAC5FA-1BAB-4EDB-BC70-176DA4BC550B}.Debug|Any CPU.ActiveCfg = Debug|Any CPU
		{36EAC5FA-1BAB-4EDB-BC70-176DA4BC550B}.Debug|Any CPU.Build.0 = Debug|Any CPU
		{36EAC5FA-1BAB-4EDB-BC70-176DA4BC550B}.Release|Any CPU.ActiveCfg = Release|Any CPU
		{36EAC5FA-1BAB-4EDB-BC70-176DA4BC550B}.Release|Any CPU.Build.0 = Release|Any CPU
	EndGlobalSection
EndGlobal
